# This file is autogenerated, do not edit; changes may be undone by the next 'dep ensure'.


[[projects]]
  branch = "master"
  digest = "1:5e9da13adc2678bb165e8a553e3449655ffe10e44f7d1af4f344692fd759bd59"
  name = "github.com/cloudsigma/cepgo"
  packages = ["."]
  pruneopts = "UT"
  revision = "1bfc4895bf5c4d3b599f3f6ee142299488c8739b"

[[projects]]
  digest = "1:127cbc33d51b23a0fcea3e5e1e2f86b528c69e9342240183a5f34cf7e0e5cb05"
  name = "github.com/coreos/go-systemd"
  packages = ["dbus"]
  pruneopts = "UT"
  revision = "4fbc5060a317b142e6c7bfbedb65596d5f0ab99b"

[[projects]]
  digest = "1:81c8b18c8ce19767ef396e15eab516435d238eef6dda2f7aa1e96c562c4feee6"
  name = "github.com/coreos/yaml"
  packages = ["."]
  pruneopts = "UT"
  revision = "6b16a5714269b2f70720a45406b1babd947a17ef"

[[projects]]
  digest = "1:ffe9824d294da03b391f44e1ae8281281b4afc1bdaa9588c9097785e3af10cec"
  name = "github.com/davecgh/go-spew"
  packages = ["spew"]
  pruneopts = "UT"
  revision = "8991bc29aa16c548c550c7ff78260e27b9ab7c73"
  version = "v1.1.1"

[[projects]]
  digest = "1:d47d7d21279ccda2c763d3e8f1db2f0313630cfa4fc1df6c521b46325ed9add0"
  name = "github.com/dotcloud/docker"
  packages = ["pkg/netlink"]
  pruneopts = "UT"
  revision = "63fe64c471e7d76be96a625350468dfc65c06c31"
  version = "v1.0.0"

[[projects]]
  branch = "master"
  digest = "1:7615dc186895736b51f44af87aefc064d2e793a49ecbda561ef82559f53b11ab"
  name = "github.com/guelfey/go.dbus"
  packages = ["."]
  pruneopts = "UT"
  revision = "f6a3a2366cc39b8479cadc499d3c735fb10fbdda"

[[projects]]
  digest = "1:0028cb19b2e4c3112225cd871870f2d9cf49b9b4276531f03438a88e94be86fe"
  name = "github.com/pmezard/go-difflib"
  packages = ["difflib"]
  pruneopts = "UT"
  revision = "792786c7400a136282c1664665ae0a8db921c6c2"
  version = "v1.0.0"

[[projects]]
  digest = "1:5e8f46b412421d2d6cceea845d28ac46f3f5a5f60a6e86f0ee75e24fd43a02a9"
  name = "github.com/stretchr/testify"
  packages = ["assert"]
  pruneopts = "UT"
  revision = "3ebf1ddaeb260c4b1ae502a01c7844fa8c1fa0e9"
  version = "v1.5.1"

[[projects]]
  branch = "master"
  digest = "1:99571df8188fcbe3b58c6dd909deeb9aec0cda338bf292534d729d13e81f5c9a"
  name = "github.com/tarm/goserial"
  packages = ["."]
  pruneopts = "UT"
  revision = "b3440c3c63556c3fd67e915be3b92195bc70294a"

[[projects]]
  digest = "1:55b110c99c5fdc4f14930747326acce56b52cfce60b24b1c03ef686ac0e46bb1"
  name = "gopkg.in/yaml.v2"
  packages = ["."]
  pruneopts = "UT"
  revision = "53403b58ad1b561927d19068c655246f2db79d48"
  version = "v2.2.8"

[solve-meta]
  analyzer-name = "dep"
  analyzer-version = 1
  input-imports = [
    "github.com/cloudsigma/cepgo",
    "github.com/coreos/go-systemd/dbus",
    "github.com/coreos/yaml",
    "github.com/dotcloud/docker/pkg/netlink",
    "github.com/stretchr/testify/assert",
  ]
  solver-name = "gps-cdcl"
  solver-version = 1
